{
    "_readme": [
        "This file locks the dependencies of your project to a known state",
        "Read more about it at https://getcomposer.org/doc/01-basic-usage.md#installing-dependencies",
        "This file is @generated automatically"
    ],
    "content-hash": "c81648197c27621fe196995becb0848b",
    "packages": [
        {
            "name": "instalogin/sdk",
            "version": "v0.8.2",
            "source": {
                "type": "git",
                "url": "https://github.com/instasolutions/instalogin-sdk-php.git",
                "reference": "3575f358f21ab7d00b3bad32eb2c8c1d71030280"
            },
            "dist": {
                "type": "zip",
                "url": "https://api.github.com/repos/instasolutions/instalogin-sdk-php/zipball/3575f358f21ab7d00b3bad32eb2c8c1d71030280",
                "reference": "3575f358f21ab7d00b3bad32eb2c8c1d71030280",
                "shasum": ""
            },
            "require": {
                "ext-curl": "*",
                "ext-json": "*",
                "ext-mbstring": "*",
                "php": ">=5.6"
            },
            "require-dev": {
                "symfony/var-dumper": "3.4.x-dev"
            },
            "type": "library",
            "autoload": {
                "psr-4": {
                    "Instalogin\\": "src/"
                }
            },
            "notification-url": "https://packagist.org/downloads/",
            "license": [
                "Apache-2.0"
            ],
            "authors": [
                {
                    "name": "Michael Piecko",
                    "email": "michael.piecko@insta.ag"
                }
            ],
            "description": "PHP Wrapper for the Instalogin API",
            "homepage": "https://www.instalog.in",
            "keywords": [
                "Authentication",
                "instalogin",
                "login"
            ],
            "support": {
                "source": "https://github.com/instasolutions/instalogin-sdk-php/tree/v0.8.2"
            },
            "time": "2021-08-27T17:42:40+00:00"
        }
    ],
    "packages-dev": [],
    "aliases": [],
    "minimum-stability": "stable",
    "stability-flags": [],
    "prefer-stable": false,
    "prefer-lowest": false,
    "platform": [],
    "platform-dev": [],
    "plugin-api-version": "2.0.0"
}
